<?xml version="1.0" encoding="utf-8"?>
<Project ToolsVersion="4.0" xmlns="http://schemas.microsoft.com/developer/msbuild/2003">
  <ItemGroup>
    <Filter Include="Source Files">
      <UniqueIdentifier>{4FC737F1-C7A5-4376-A066-2A32D752A2FF}</UniqueIdentifier>
      <Extensions>cpp;c;cc;cxx;c++;cppm;ixx;def;odl;idl;hpj;bat;asm;asmx</Extensions>
    </Filter>
    <Filter Include="Header Files">
      <UniqueIdentifier>{93995380-89BD-4b04-88EB-625FBE52EBFB}</UniqueIdentifier>
      <Extensions>h;hh;hpp;hxx;h++;hm;inl;inc;ipp;xsd</Extensions>
    </Filter>
    <Filter Include="Resource Files">
      <UniqueIdentifier>{67DA6AB6-F800-4c08-8B7A-83BB121AAD01}</UniqueIdentifier>
      <Extensions>rc;ico;cur;bmp;dlg;rc2;rct;bin;rgs;gif;jpg;jpeg;jpe;resx;tiff;tif;png;wav;mfcribbon-ms</Extensions>
    </Filter>
    <Filter Include="Resource Files\t">
      <UniqueIdentifier>{458efe8d-bd4e-4989-84f4-8a7b3416d22c}</UniqueIdentifier>
    </Filter>
  </ItemGroup>
  <ItemGroup>
    <ClInclude Include="..\..\..\src\common\utils.h">
      <Filter>Header Files</Filter>
    </ClInclude>
  </ItemGroup>
  <ItemGroup>
    <ClCompile Include="..\..\..\src\common\utils.cpp">
      <Filter>Source Files</Filter>
    </ClCompile>
  </ItemGroup>
  <ItemGroup>
    <None Include="..\..\..\t\bf.t">
      <Filter>Resource Files\t</Filter>
    </None>
    <None Include="..\..\..\t\bfbasic.t">
      <Filter>Resource Files\t</Filter>
    </None>
    <None Include="..\..\..\t\bfbasic_dim.t">
      <Filter>Resource Files\t</Filter>
    </None>
    <None Include="..\..\..\t\bfbasic_expr_int.t">
      <Filter>Resource Files\t</Filter>
    </None>
    <None Include="..\..\..\t\bfbasic_expr_string.t">
      <Filter>Resource Files\t</Filter>
    </None>
    <None Include="..\..\..\t\bfbasic_for.t">
      <Filter>Resource Files\t</Filter>
    </None>
    <None Include="..\..\..\t\bfbasic_if.t">
      <Filter>Resource Files\t</Filter>
    </None>
    <None Include="..\..\..\t\bfbasic_input.t">
      <Filter>Resource Files\t</Filter>
    </None>
    <None Include="..\..\..\t\bfbasic_let.t">
      <Filter>Resource Files\t</Filter>
    </None>
    <None Include="..\..\..\t\bfbasic_print.t">
      <Filter>Resource Files\t</Filter>
    </None>
    <None Include="..\..\..\t\bfbasic_while.t">
      <Filter>Resource Files\t</Filter>
    </None>
    <None Include="..\..\..\t\bfpp.t">
      <Filter>Resource Files\t</Filter>
    </None>
    <None Include="..\..\..\t\bfpp_abs8.t">
      <Filter>Resource Files\t</Filter>
    </None>
    <None Include="..\..\..\t\bfpp_abs16.t">
      <Filter>Resource Files\t</Filter>
    </None>
    <None Include="..\..\..\t\bfpp_add8.t">
      <Filter>Resource Files\t</Filter>
    </None>
    <None Include="..\..\..\t\bfpp_add8s.t">
      <Filter>Resource Files\t</Filter>
    </None>
    <None Include="..\..\..\t\bfpp_add16.t">
      <Filter>Resource Files\t</Filter>
    </None>
    <None Include="..\..\..\t\bfpp_add16s.t">
      <Filter>Resource Files\t</Filter>
    </None>
    <None Include="..\..\..\t\bfpp_alloc_array8.t">
      <Filter>Resource Files\t</Filter>
    </None>
    <None Include="..\..\..\t\bfpp_alloc_array16.t">
      <Filter>Resource Files\t</Filter>
    </None>
    <None Include="..\..\..\t\bfpp_alloc_cell8.t">
      <Filter>Resource Files\t</Filter>
    </None>
    <None Include="..\..\..\t\bfpp_alloc_cell16.t">
      <Filter>Resource Files\t</Filter>
    </None>
    <None Include="..\..\..\t\bfpp_and8.t">
      <Filter>Resource Files\t</Filter>
    </None>
    <None Include="..\..\..\t\bfpp_and16.t">
      <Filter>Resource Files\t</Filter>
    </None>
    <None Include="..\..\..\t\bfpp_append_string.t">
      <Filter>Resource Files\t</Filter>
    </None>
    <None Include="..\..\..\t\bfpp_clear_string.t">
      <Filter>Resource Files\t</Filter>
    </None>
    <None Include="..\..\..\t\bfpp_clear8.t">
      <Filter>Resource Files\t</Filter>
    </None>
    <None Include="..\..\..\t\bfpp_clear16.t">
      <Filter>Resource Files\t</Filter>
    </None>
    <None Include="..\..\..\t\bfpp_cmd_string.t">
      <Filter>Resource Files\t</Filter>
    </None>
    <None Include="..\..\..\t\bfpp_copy8.t">
      <Filter>Resource Files\t</Filter>
    </None>
    <None Include="..\..\..\t\bfpp_copy16.t">
      <Filter>Resource Files\t</Filter>
    </None>
    <None Include="..\..\..\t\bfpp_div8.t">
      <Filter>Resource Files\t</Filter>
    </None>
    <None Include="..\..\..\t\bfpp_div8s.t">
      <Filter>Resource Files\t</Filter>
    </None>
    <None Include="..\..\..\t\bfpp_div16.t">
      <Filter>Resource Files\t</Filter>
    </None>
    <None Include="..\..\..\t\bfpp_div16s.t">
      <Filter>Resource Files\t</Filter>
    </None>
    <None Include="..\..\..\t\bfpp_eq8.t">
      <Filter>Resource Files\t</Filter>
    </None>
    <None Include="..\..\..\t\bfpp_eq8s.t">
      <Filter>Resource Files\t</Filter>
    </None>
    <None Include="..\..\..\t\bfpp_eq16.t">
      <Filter>Resource Files\t</Filter>
    </None>
    <None Include="..\..\..\t\bfpp_eq16s.t">
      <Filter>Resource Files\t</Filter>
    </None>
    <None Include="..\..\..\t\bfpp_format_cell8.t">
      <Filter>Resource Files\t</Filter>
    </None>
    <None Include="..\..\..\t\bfpp_format_cell8s.t">
      <Filter>Resource Files\t</Filter>
    </None>
    <None Include="..\..\..\t\bfpp_format_cell16.t">
      <Filter>Resource Files\t</Filter>
    </None>
    <None Include="..\..\..\t\bfpp_format_cell16s.t">
      <Filter>Resource Files\t</Filter>
    </None>
    <None Include="..\..\..\t\bfpp_free_cell8.t">
      <Filter>Resource Files\t</Filter>
    </None>
    <None Include="..\..\..\t\bfpp_free_cell16.t">
      <Filter>Resource Files\t</Filter>
    </None>
    <None Include="..\..\..\t\bfpp_ge8.t">
      <Filter>Resource Files\t</Filter>
    </None>
    <None Include="..\..\..\t\bfpp_ge8s.t">
      <Filter>Resource Files\t</Filter>
    </None>
    <None Include="..\..\..\t\bfpp_ge16.t">
      <Filter>Resource Files\t</Filter>
    </None>
    <None Include="..\..\..\t\bfpp_ge16s.t">
      <Filter>Resource Files\t</Filter>
    </None>
    <None Include="..\..\..\t\bfpp_gt8.t">
      <Filter>Resource Files\t</Filter>
    </None>
    <None Include="..\..\..\t\bfpp_gt8s.t">
      <Filter>Resource Files\t</Filter>
    </None>
    <None Include="..\..\..\t\bfpp_gt16.t">
      <Filter>Resource Files\t</Filter>
    </None>
    <None Include="..\..\..\t\bfpp_gt16s.t">
      <Filter>Resource Files\t</Filter>
    </None>
    <None Include="..\..\..\t\bfpp_hash_define.t">
      <Filter>Resource Files\t</Filter>
    </None>
    <None Include="..\..\..\t\bfpp_hash_if.t">
      <Filter>Resource Files\t</Filter>
    </None>
    <None Include="..\..\..\t\bfpp_hash_include.t">
      <Filter>Resource Files\t</Filter>
    </None>
    <None Include="..\..\..\t\bfpp_hash_undef.t">
      <Filter>Resource Files\t</Filter>
    </None>
    <None Include="..\..\..\t\bfpp_if.t">
      <Filter>Resource Files\t</Filter>
    </None>
    <None Include="..\..\..\t\bfpp_le8.t">
      <Filter>Resource Files\t</Filter>
    </None>
    <None Include="..\..\..\t\bfpp_le8s.t">
      <Filter>Resource Files\t</Filter>
    </None>
    <None Include="..\..\..\t\bfpp_le16.t">
      <Filter>Resource Files\t</Filter>
    </None>
    <None Include="..\..\..\t\bfpp_le16s.t">
      <Filter>Resource Files\t</Filter>
    </None>
    <None Include="..\..\..\t\bfpp_left_string.t">
      <Filter>Resource Files\t</Filter>
    </None>
    <None Include="..\..\..\t\bfpp_lt8.t">
      <Filter>Resource Files\t</Filter>
    </None>
    <None Include="..\..\..\t\bfpp_lt8s.t">
      <Filter>Resource Files\t</Filter>
    </None>
    <None Include="..\..\..\t\bfpp_lt16.t">
      <Filter>Resource Files\t</Filter>
    </None>
    <None Include="..\..\..\t\bfpp_lt16s.t">
      <Filter>Resource Files\t</Filter>
    </None>
    <None Include="..\..\..\t\bfpp_max8.t">
      <Filter>Resource Files\t</Filter>
    </None>
    <None Include="..\..\..\t\bfpp_max8s.t">
      <Filter>Resource Files\t</Filter>
    </None>
    <None Include="..\..\..\t\bfpp_max16.t">
      <Filter>Resource Files\t</Filter>
    </None>
    <None Include="..\..\..\t\bfpp_max16s.t">
      <Filter>Resource Files\t</Filter>
    </None>
    <None Include="..\..\..\t\bfpp_mid_string.t">
      <Filter>Resource Files\t</Filter>
    </None>
    <None Include="..\..\..\t\bfpp_min8.t">
      <Filter>Resource Files\t</Filter>
    </None>
    <None Include="..\..\..\t\bfpp_min8s.t">
      <Filter>Resource Files\t</Filter>
    </None>
    <None Include="..\..\..\t\bfpp_min16.t">
      <Filter>Resource Files\t</Filter>
    </None>
    <None Include="..\..\..\t\bfpp_min16s.t">
      <Filter>Resource Files\t</Filter>
    </None>
    <None Include="..\..\..\t\bfpp_mod8.t">
      <Filter>Resource Files\t</Filter>
    </None>
    <None Include="..\..\..\t\bfpp_mod8s.t">
      <Filter>Resource Files\t</Filter>
    </None>
    <None Include="..\..\..\t\bfpp_mod16.t">
      <Filter>Resource Files\t</Filter>
    </None>
    <None Include="..\..\..\t\bfpp_mod16s.t">
      <Filter>Resource Files\t</Filter>
    </None>
    <None Include="..\..\..\t\bfpp_move8.t">
      <Filter>Resource Files\t</Filter>
    </None>
    <None Include="..\..\..\t\bfpp_move16.t">
      <Filter>Resource Files\t</Filter>
    </None>
    <None Include="..\..\..\t\bfpp_mul8.t">
      <Filter>Resource Files\t</Filter>
    </None>
    <None Include="..\..\..\t\bfpp_mul8s.t">
      <Filter>Resource Files\t</Filter>
    </None>
    <None Include="..\..\..\t\bfpp_mul16.t">
      <Filter>Resource Files\t</Filter>
    </None>
    <None Include="..\..\..\t\bfpp_mul16s.t">
      <Filter>Resource Files\t</Filter>
    </None>
    <None Include="..\..\..\t\bfpp_ne8.t">
      <Filter>Resource Files\t</Filter>
    </None>
    <None Include="..\..\..\t\bfpp_ne8s.t">
      <Filter>Resource Files\t</Filter>
    </None>
    <None Include="..\..\..\t\bfpp_ne16.t">
      <Filter>Resource Files\t</Filter>
    </None>
    <None Include="..\..\..\t\bfpp_ne16s.t">
      <Filter>Resource Files\t</Filter>
    </None>
    <None Include="..\..\..\t\bfpp_neg8.t">
      <Filter>Resource Files\t</Filter>
    </None>
    <None Include="..\..\..\t\bfpp_neg16.t">
      <Filter>Resource Files\t</Filter>
    </None>
    <None Include="..\..\..\t\bfpp_not8.t">
      <Filter>Resource Files\t</Filter>
    </None>
    <None Include="..\..\..\t\bfpp_not16.t">
      <Filter>Resource Files\t</Filter>
    </None>
    <None Include="..\..\..\t\bfpp_or8.t">
      <Filter>Resource Files\t</Filter>
    </None>
    <None Include="..\..\..\t\bfpp_or16.t">
      <Filter>Resource Files\t</Filter>
    </None>
    <None Include="..\..\..\t\bfpp_pow8.t">
      <Filter>Resource Files\t</Filter>
    </None>
    <None Include="..\..\..\t\bfpp_pow8s.t">
      <Filter>Resource Files\t</Filter>
    </None>
    <None Include="..\..\..\t\bfpp_pow16.t">
      <Filter>Resource Files\t</Filter>
    </None>
    <None Include="..\..\..\t\bfpp_pow16s.t">
      <Filter>Resource Files\t</Filter>
    </None>
    <None Include="..\..\..\t\bfpp_print_cell8.t">
      <Filter>Resource Files\t</Filter>
    </None>
    <None Include="..\..\..\t\bfpp_print_cell8s.t">
      <Filter>Resource Files\t</Filter>
    </None>
    <None Include="..\..\..\t\bfpp_print_cell16.t">
      <Filter>Resource Files\t</Filter>
    </None>
    <None Include="..\..\..\t\bfpp_print_cell16s.t">
      <Filter>Resource Files\t</Filter>
    </None>
    <None Include="..\..\..\t\bfpp_print_char.t">
      <Filter>Resource Files\t</Filter>
    </None>
    <None Include="..\..\..\t\bfpp_print_char8.t">
      <Filter>Resource Files\t</Filter>
    </None>
    <None Include="..\..\..\t\bfpp_print_newline.t">
      <Filter>Resource Files\t</Filter>
    </None>
    <None Include="..\..\..\t\bfpp_print_string.t">
      <Filter>Resource Files\t</Filter>
    </None>
    <None Include="..\..\..\t\bfpp_repeat.t">
      <Filter>Resource Files\t</Filter>
    </None>
    <None Include="..\..\..\t\bfpp_right_string.t">
      <Filter>Resource Files\t</Filter>
    </None>
    <None Include="..\..\..\t\bfpp_scan_cell8.t">
      <Filter>Resource Files\t</Filter>
    </None>
    <None Include="..\..\..\t\bfpp_scan_cell8s.t">
      <Filter>Resource Files\t</Filter>
    </None>
    <None Include="..\..\..\t\bfpp_scan_cell16.t">
      <Filter>Resource Files\t</Filter>
    </None>
    <None Include="..\..\..\t\bfpp_scan_cell16s.t">
      <Filter>Resource Files\t</Filter>
    </None>
    <None Include="..\..\..\t\bfpp_scan_char8.t">
      <Filter>Resource Files\t</Filter>
    </None>
    <None Include="..\..\..\t\bfpp_scan_spaces.t">
      <Filter>Resource Files\t</Filter>
    </None>
    <None Include="..\..\..\t\bfpp_scan_word.t">
      <Filter>Resource Files\t</Filter>
    </None>
    <None Include="..\..\..\t\bfpp_set_string.t">
      <Filter>Resource Files\t</Filter>
    </None>
    <None Include="..\..\..\t\bfpp_set8.t">
      <Filter>Resource Files\t</Filter>
    </None>
    <None Include="..\..\..\t\bfpp_set16.t">
      <Filter>Resource Files\t</Filter>
    </None>
    <None Include="..\..\..\t\bfpp_shl8.t">
      <Filter>Resource Files\t</Filter>
    </None>
    <None Include="..\..\..\t\bfpp_shl16.t">
      <Filter>Resource Files\t</Filter>
    </None>
    <None Include="..\..\..\t\bfpp_shr8.t">
      <Filter>Resource Files\t</Filter>
    </None>
    <None Include="..\..\..\t\bfpp_shr16.t">
      <Filter>Resource Files\t</Filter>
    </None>
    <None Include="..\..\..\t\bfpp_sign8.t">
      <Filter>Resource Files\t</Filter>
    </None>
    <None Include="..\..\..\t\bfpp_sign16.t">
      <Filter>Resource Files\t</Filter>
    </None>
    <None Include="..\..\..\t\bfpp_string_val8.t">
      <Filter>Resource Files\t</Filter>
    </None>
    <None Include="..\..\..\t\bfpp_string_val8s.t">
      <Filter>Resource Files\t</Filter>
    </None>
    <None Include="..\..\..\t\bfpp_string_val16.t">
      <Filter>Resource Files\t</Filter>
    </None>
    <None Include="..\..\..\t\bfpp_string_val16s.t">
      <Filter>Resource Files\t</Filter>
    </None>
    <None Include="..\..\..\t\bfpp_sub8.t">
      <Filter>Resource Files\t</Filter>
    </None>
    <None Include="..\..\..\t\bfpp_sub8s.t">
      <Filter>Resource Files\t</Filter>
    </None>
    <None Include="..\..\..\t\bfpp_sub16.t">
      <Filter>Resource Files\t</Filter>
    </None>
    <None Include="..\..\..\t\bfpp_sub16s.t">
      <Filter>Resource Files\t</Filter>
    </None>
    <None Include="..\..\..\t\bfpp_while.t">
      <Filter>Resource Files\t</Filter>
    </None>
    <None Include="..\..\..\t\bfpp_xor8.t">
      <Filter>Resource Files\t</Filter>
    </None>
    <None Include="..\..\..\t\bfpp_xor16.t">
      <Filter>Resource Files\t</Filter>
    </None>
    <None Include="..\..\..\t\examples.t">
      <Filter>Resource Files\t</Filter>
    </None>
    <None Include="..\..\..\Makefile">
      <Filter>Resource Files</Filter>
    </None>
    <None Include="..\..\..\README.md">
      <Filter>Resource Files</Filter>
    </None>
    <None Include="..\..\..\TODO.md">
      <Filter>Resource Files</Filter>
    </None>
    <None Include="..\..\..\t\bfbasic_function.t">
      <Filter>Resource Files\t</Filter>
    </None>
    <None Include="..\..\..\t\bfbasic_sub.t">
      <Filter>Resource Files\t</Filter>
    </None>
  </ItemGroup>
</Project>